
Microsoft Visual Studio Solution File, Format Version 12.00
# Visual Studio Version 17
VisualStudioVersion = 17.5.33516.290
MinimumVisualStudioVersion = 10.0.40219.1
Project("{9A19103F-16F7-4668-BE54-9A1E7A4F7556}") = "Yrki.IoT.Contracts", "Yrki.IoT.Contracts\Yrki.IoT.Contracts.csproj", "{0D259CEE-889E-437E-8806-3FD98E9BC04A}"
EndProject
Global
	GlobalSection(SolutionConfigurationPlatforms) = preSolution
		Debug|Any CPU = Debug|Any CPU
		Release|Any CPU = Release|Any CPU
	EndGlobalSection
	GlobalSection(ProjectConfigurationPlatforms) = postSolution
		{0D259CEE-889E-437E-8806-3FD98E9BC04A}.Debug|Any CPU.ActiveCfg = Debug|Any CPU
		{0D259CEE-889E-437E-8806-3FD98E9BC04A}.Debug|Any CPU.Build.0 = Debug|Any CPU
		{0D259CEE-889E-437E-8806-3FD98E9BC04A}.Release|Any CPU.ActiveCfg = Release|Any CPU
		{0D259CEE-889E-437E-8806-3FD98E9BC04A}.Release|Any CPU.Build.0 = Release|Any CPU
	EndGlobalSection
	GlobalSection(SolutionProperties) = preSolution
		HideSolutionNode = FALSE
	EndGlobalSection
	GlobalSection(ExtensibilityGlobals) = postSolution
		SolutionGuid = {1CF41A9C-AE71-4050-9D08-546ED72C2B50}
	EndGlobalSection
EndGlobal
